
Microsoft Visual Studio Solution File, Format Version 12.00
# Visual Studio Version 16
VisualStudioVersion = 16.0.31729.503
MinimumVisualStudioVersion = 10.0.40219.1
Project("{FAE04EC0-301F-11D3-BF4B-00C04F79EFBC}") = "SenzorMaster.UWP", "SenzorMaster\SenzorMaster.UWP\SenzorMaster.UWP.csproj", "{7223AAE9-E1A2-4748-887C-2CDF6F3BE7B1}"
EndProject
Project("{FAE04EC0-301F-11D3-BF4B-00C04F79EFBC}") = "SenzorMaster.Android", "SenzorMaster\SenzorMaster.Android\SenzorMaster.Android.csproj", "{97D74B76-D18D-4689-A508-9D4AC1C37962}"
EndProject
Project("{FAE04EC0-301F-11D3-BF4B-00C04F79EFBC}") = "SenzorMaster.iOS", "SenzorMaster\SenzorMaster.iOS\SenzorMaster.iOS.csproj", "{B03E058F-1878-45F2-9A2E-F51A9F0F979E}"
EndProject
Project("{FAE04EC0-301F-11D3-BF4B-00C04F79EFBC}") = "SenzorMaster", "SenzorMaster\SenzorMaster\SenzorMaster.csproj", "{FC694DEA-E715-41DA-83F7-8662CB2909A5}"
EndProject
Global
	GlobalSection(SolutionConfigurationPlatforms) = preSolution
		Debug|Any CPU = Debug|Any CPU
		Debug|ARM = Debug|ARM
		Debug|iPhone = Debug|iPhone
		Debug|iPhoneSimulator = Debug|iPhoneSimulator
		Debug|x64 = Debug|x64
		Debug|x86 = Debug|x86
		Release|Any CPU = Release|Any CPU
		Release|ARM = Release|ARM
		Release|iPhone = Release|iPhone
		Release|iPhoneSimulator = Release|iPhoneSimulator
		Release|x64 = Release|x64
		Release|x86 = Release|x86
	EndGlobalSection
	GlobalSection(ProjectConfigurationPlatforms) = postSolution
		{7223AAE9-E1A2-4748-887C-2CDF6F3BE7B1}.Debug|Any CPU.ActiveCfg = Debug|x86
		{7223AAE9-E1A2-4748-887C-2CDF6F3BE7B1}.Debug|Any CPU.Build.0 = Debug|x86
		{7223AAE9-E1A2-4748-887C-2CDF6F3BE7B1}.Debug|Any CPU.Deploy.0 = Debug|x86
		{7223AAE9-E1A2-4748-887C-2CDF6F3BE7B1}.Debug|ARM.ActiveCfg = Debug|ARM
		{7223AAE9-E1A2-4748-887C-2CDF6F3BE7B1}.Debug|ARM.Build.0 = Debug|ARM
		{7223AAE9-E1A2-4748-887C-2CDF6F3BE7B1}.Debug|ARM.Deploy.0 = Debug|ARM
		{7223AAE9-E1A2-4748-887C-2CDF6F3BE7B1}.Debug|iPhone.ActiveCfg = Debug|x86
		{7223AAE9-E1A2-4748-887C-2CDF6F3BE7B1}.Debug|iPhone.Build.0 = Debug|x86
		{7223AAE9-E1A2-4748-887C-2CDF6F3BE7B1}.Debug|iPhone.Deploy.0 = Debug|x86
		{7223AAE9-E1A2-4748-887C-2CDF6F3BE7B1}.Debug|iPhoneSimulator.ActiveCfg = Debug|x86
		{7223AAE9-E1A2-4748-887C-2CDF6F3BE7B1}.Debug|iPhoneSimulator.Build.0 = Debug|x86
		{7223AAE9-E1A2-4748-887C-2CDF6F3BE7B1}.Debug|iPhoneSimulator.Deploy.0 = Debug|x86
		{7223AAE9-E1A2-4748-887C-2CDF6F3BE7B1}.Debug|x64.ActiveCfg = Debug|x64
		{7223AAE9-E1A2-4748-887C-2CDF6F3BE7B1}.Debug|x64.Build.0 = Debug|x64
		{7223AAE9-E1A2-4748-887C-2CDF6F3BE7B1}.Debug|x64.Deploy.0 = Debug|x64
		{7223AAE9-E1A2-4748-887C-2CDF6F3BE7B1}.Debug|x86.ActiveCfg = Debug|x86
		{7223AAE9-E1A2-4748-887C-2CDF6F3BE7B1}.Debug|x86.Build.0 = Debug|x86
		{7223AAE9-E1A2-4748-887C-2CDF6F3BE7B1}.Debug|x86.Deploy.0 = Debug|x86
		{7223AAE9-E1A2-4748-887C-2CDF6F3BE7B1}.Release|Any CPU.ActiveCfg = Release|x86
		{7223AAE9-E1A2-4748-887C-2CDF6F3BE7B1}.Release|Any CPU.Build.0 = Release|x86
		{7223AAE9-E1A2-4748-887C-2CDF6F3BE7B1}.Release|Any CPU.Deploy.0 = Release|x86
		{7223AAE9-E1A2-4748-887C-2CDF6F3BE7B1}.Release|ARM.ActiveCfg = Release|ARM
		{7223AAE9-E1A2-4748-887C-2CDF6F3BE7B1}.Release|ARM.Build.0 = Release|ARM
		{7223AAE9-E1A2-4748-887C-2CDF6F3BE7B1}.Release|ARM.Deploy.0 = Release|ARM
		{7223AAE9-E1A2-4748-887C-2CDF6F3BE7B1}.Release|iPhone.ActiveCfg = Release|x86
		{7223AAE9-E1A2-4748-887C-2CDF6F3BE7B1}.Release|iPhone.Build.0 = Release|x86
		{7223AAE9-E1A2-4748-887C-2CDF6F3BE7B1}.Release|iPhone.Deploy.0 = Release|x86
		{7223AAE9-E1A2-4748-887C-2CDF6F3BE7B1}.Release|iPhoneSimulator.ActiveCfg = Release|x86
		{7223AAE9-E1A2-4748-887C-2CDF6F3BE7B1}.Release|iPhoneSimulator.Build.0 = Release|x86
		{7223AAE9-E1A2-4748-887C-2CDF6F3BE7B1}.Release|iPhoneSimulator.Deploy.0 = Release|x86
		{7223AAE9-E1A2-4748-887C-2CDF6F3BE7B1}.Release|x64.ActiveCfg = Release|x64
		{7223AAE9-E1A2-4748-887C-2CDF6F3BE7B1}.Release|x64.Build.0 = Release|x64
		{7223AAE9-E1A2-4748-887C-2CDF6F3BE7B1}.Release|x64.Deploy.0 = Release|x64
		{7223AAE9-E1A2-4748-887C-2CDF6F3BE7B1}.Release|x86.ActiveCfg = Release|x86
		{7223AAE9-E1A2-4748-887C-2CDF6F3BE7B1}.Release|x86.Build.0 = Release|x86
		{7223AAE9-E1A2-4748-887C-2CDF6F3BE7B1}.Release|x86.Deploy.0 = Release|x86
		{97D74B76-D18D-4689-A508-9D4AC1C37962}.Debug|Any CPU.ActiveCfg = Debug|Any CPU
		{97D74B76-D18D-4689-A508-9D4AC1C37962}.Debug|Any CPU.Build.0 = Debug|Any CPU
		{97D74B76-D18D-4689-A508-9D4AC1C37962}.Debug|Any CPU.Deploy.0 = Debug|Any CPU
		{97D74B76-D18D-4689-A508-9D4AC1C37962}.Debug|ARM.ActiveCfg = Debug|Any CPU
		{97D74B76-D18D-4689-A508-9D4AC1C37962}.Debug|ARM.Build.0 = Debug|Any CPU
		{97D74B76-D18D-4689-A508-9D4AC1C37962}.Debug|ARM.Deploy.0 = Debug|Any CPU
		{97D74B76-D18D-4689-A508-9D4AC1C37962}.Debug|iPhone.ActiveCfg = Debug|Any CPU
		{97D74B76-D18D-4689-A508-9D4AC1C37962}.Debug|iPhone.Build.0 = Debug|Any CPU
		{97D74B76-D18D-4689-A508-9D4AC1C37962}.Debug|iPhone.Deploy.0 = Debug|Any CPU
		{97D74B76-D18D-4689-A508-9D4AC1C37962}.Debug|iPhoneSimulator.ActiveCfg = Debug|Any CPU
		{97D74B76-D18D-4689-A508-9D4AC1C37962}.Debug|iPhoneSimulator.Build.0 = Debug|Any CPU
		{97D74B76-D18D-4689-A508-9D4AC1C37962}.Debug|iPhoneSimulator.Deploy.0 = Debug|Any CPU
		{97D74B76-D18D-4689-A508-9D4AC1C37962}.Debug|x64.ActiveCfg = Debug|Any CPU
		{97D74B76-D18D-4689-A508-9D4AC1C37962}.Debug|x64.Build.0 = Debug|Any CPU
		{97D74B76-D18D-4689-A508-9D4AC1C37962}.Debug|x64.Deploy.0 = Debug|Any CPU
		{97D74B76-D18D-4689-A508-9D4AC1C37962}.Debug|x86.ActiveCfg = Debug|Any CPU
		{97D74B76-D18D-4689-A508-9D4AC1C37962}.Debug|x86.Build.0 = Debug|Any CPU
		{97D74B76-D18D-4689-A508-9D4AC1C37962}.Debug|x86.Deploy.0 = Debug|Any CPU
		{97D74B76-D18D-4689-A508-9D4AC1C37962}.Release|Any CPU.ActiveCfg = Release|Any CPU
		{97D74B76-D18D-4689-A508-9D4AC1C37962}.Release|Any CPU.Build.0 = Release|Any CPU
		{97D74B76-D18D-4689-A508-9D4AC1C37962}.Release|Any CPU.Deploy.0 = Release|Any CPU
		{97D74B76-D18D-4689-A508-9D4AC1C37962}.Release|ARM.ActiveCfg = Release|Any CPU
		{97D74B76-D18D-4689-A508-9D4AC1C37962}.Release|ARM.Build.0 = Release|Any CPU
		{97D74B76-D18D-4689-A508-9D4AC1C37962}.Release|ARM.Deploy.0 = Release|Any CPU
		{97D74B76-D18D-4689-A508-9D4AC1C37962}.Release|iPhone.ActiveCfg = Release|Any CPU
		{97D74B76-D18D-4689-A508-9D4AC1C37962}.Release|iPhone.Build.0 = Release|Any CPU
		{97D74B76-D18D-4689-A508-9D4AC1C37962}.Release|iPhone.Deploy.0 = Release|Any CPU
		{97D74B76-D18D-4689-A508-9D4AC1C37962}.Release|iPhoneSimulator.ActiveCfg = Release|Any CPU
		{97D74B76-D18D-4689-A508-9D4AC1C37962}.Release|iPhoneSimulator.Build.0 = Release|Any CPU
		{97D74B76-D18D-4689-A508-9D4AC1C37962}.Release|iPhoneSimulator.Deploy.0 = Release|Any CPU
		{97D74B76-D18D-4689-A508-9D4AC1C37962}.Release|x64.ActiveCfg = Release|Any CPU
		{97D74B76-D18D-4689-A508-9D4AC1C37962}.Release|x64.Build.0 = Release|Any CPU
		{97D74B76-D18D-4689-A508-9D4AC1C37962}.Release|x64.Deploy.0 = Release|Any CPU
		{97D74B76-D18D-4689-A508-9D4AC1C37962}.Release|x86.ActiveCfg = Release|Any CPU
		{97D74B76-D18D-4689-A508-9D4AC1C37962}.Release|x86.Build.0 = Release|Any CPU
		{97D74B76-D18D-4689-A508-9D4AC1C37962}.Release|x86.Deploy.0 = Release|Any CPU
		{B03E058F-1878-45F2-9A2E-F51A9F0F979E}.Debug|Any CPU.ActiveCfg = Debug|iPhoneSimulator
		{B03E058F-1878-45F2-9A2E-F51A9F0F979E}.Debug|Any CPU.Build.0 = Debug|iPhoneSimulator
		{B03E058F-1878-45F2-9A2E-F51A9F0F979E}.Debug|Any CPU.Deploy.0 = Debug|iPhoneSimulator
		{B03E058F-1878-45F2-9A2E-F51A9F0F979E}.Debug|ARM.ActiveCfg = Debug|iPhone
		{B03E058F-1878-45F2-9A2E-F51A9F0F979E}.Debug|ARM.Build.0 = Debug|iPhone
		{B03E058F-1878-45F2-9A2E-F51A9F0F979E}.Debug|ARM.Deploy.0 = Debug|iPhone
		{B03E058F-1878-45F2-9A2E-F51A9F0F979E}.Debug|iPhone.ActiveCfg = Debug|iPhone
		{B03E058F-1878-45F2-9A2E-F51A9F0F979E}.Debug|iPhone.Build.0 = Debug|iPhone
		{B03E058F-1878-45F2-9A2E-F51A9F0F979E}.Debug|iPhone.Deploy.0 = Debug|iPhone
		{B03E058F-1878-45F2-9A2E-F51A9F0F979E}.Debug|iPhoneSimulator.ActiveCfg = Debug|iPhoneSimulator
		{B03E058F-1878-45F2-9A2E-F51A9F0F979E}.Debug|iPhoneSimulator.Build.0 = Debug|iPhoneSimulator
		{B03E058F-1878-45F2-9A2E-F51A9F0F979E}.Debug|iPhoneSimulator.Deploy.0 = Debug|iPhoneSimulator
		{B03E058F-1878-45F2-9A2E-F51A9F0F979E}.Debug|x64.ActiveCfg = Debug|iPhoneSimulator
		{B03E058F-1878-45F2-9A2E-F51A9F0F979E}.Debug|x64.Build.0 = Debug|iPhoneSimulator
		{B03E058F-1878-45F2-9A2E-F51A9F0F979E}.Debug|x64.Deploy.0 = Debug|iPhoneSimulator
		{B03E058F-1878-45F2-9A2E-F51A9F0F979E}.Debug|x86.ActiveCfg = Debug|iPhoneSimulator
		{B03E058F-1878-45F2-9A2E-F51A9F0F979E}.Debug|x86.Build.0 = Debug|iPhoneSimulator
		{B03E058F-1878-45F2-9A2E-F51A9F0F979E}.Debug|x86.Deploy.0 = Debug|iPhoneSimulator
		{B03E058F-1878-45F2-9A2E-F51A9F0F979E}.Release|Any CPU.ActiveCfg = Release|iPhoneSimulator
		{B03E058F-1878-45F2-9A2E-F51A9F0F979E}.Release|Any CPU.Build.0 = Release|iPhoneSimulator
		{B03E058F-1878-45F2-9A2E-F51A9F0F979E}.Release|Any CPU.Deploy.0 = Release|iPhoneSimulator
		{B03E058F-1878-45F2-9A2E-F51A9F0F979E}.Release|ARM.ActiveCfg = Release|iPhoneSimulator
		{B03E058F-1878-45F2-9A2E-F51A9F0F979E}.Release|ARM.Build.0 = Release|iPhoneSimulator
		{B03E058F-1878-45F2-9A2E-F51A9F0F979E}.Release|ARM.Deploy.0 = Release|iPhoneSimulator
		{B03E058F-1878-45F2-9A2E-F51A9F0F979E}.Release|iPhone.ActiveCfg = Release|iPhone
		{B03E058F-1878-45F2-9A2E-F51A9F0F979E}.Release|iPhone.Build.0 = Release|iPhone
		{B03E058F-1878-45F2-9A2E-F51A9F0F979E}.Release|iPhone.Deploy.0 = Release|iPhone
		{B03E058F-1878-45F2-9A2E-F51A9F0F979E}.Release|iPhoneSimulator.ActiveCfg = Release|iPhoneSimulator
		{B03E058F-1878-45F2-9A2E-F51A9F0F979E}.Release|iPhoneSimulator.Build.0 = Release|iPhoneSimulator
		{B03E058F-1878-45F2-9A2E-F51A9F0F979E}.Release|iPhoneSimulator.Deploy.0 = Release|iPhoneSimulator
		{B03E058F-1878-45F2-9A2E-F51A9F0F979E}.Release|x64.ActiveCfg = Release|iPhoneSimulator
		{B03E058F-1878-45F2-9A2E-F51A9F0F979E}.Release|x64.Build.0 = Release|iPhoneSimulator
		{B03E058F-1878-45F2-9A2E-F51A9F0F979E}.Release|x64.Deploy.0 = Release|iPhoneSimulator
		{B03E058F-1878-45F2-9A2E-F51A9F0F979E}.Release|x86.ActiveCfg = Release|iPhoneSimulator
		{B03E058F-1878-45F2-9A2E-F51A9F0F979E}.Release|x86.Build.0 = Release|iPhoneSimulator
		{B03E058F-1878-45F2-9A2E-F51A9F0F979E}.Release|x86.Deploy.0 = Release|iPhoneSimulator
		{FC694DEA-E715-41DA-83F7-8662CB2909A5}.Debug|Any CPU.ActiveCfg = Debug|Any CPU
		{FC694DEA-E715-41DA-83F7-8662CB2909A5}.Debug|Any CPU.Build.0 = Debug|Any CPU
		{FC694DEA-E715-41DA-83F7-8662CB2909A5}.Debug|Any CPU.Deploy.0 = Debug|Any CPU
		{FC694DEA-E715-41DA-83F7-8662CB2909A5}.Debug|ARM.ActiveCfg = Debug|Any CPU
		{FC694DEA-E715-41DA-83F7-8662CB2909A5}.Debug|ARM.Build.0 = Debug|Any CPU
		{FC694DEA-E715-41DA-83F7-8662CB2909A5}.Debug|ARM.Deploy.0 = Debug|Any CPU
		{FC694DEA-E715-41DA-83F7-8662CB2909A5}.Debug|iPhone.ActiveCfg = Debug|Any CPU
		{FC694DEA-E715-41DA-83F7-8662CB2909A5}.Debug|iPhone.Build.0 = Debug|Any CPU
		{FC694DEA-E715-41DA-83F7-8662CB2909A5}.Debug|iPhone.Deploy.0 = Debug|Any CPU
		{FC694DEA-E715-41DA-83F7-8662CB2909A5}.Debug|iPhoneSimulator.ActiveCfg = Debug|Any CPU
		{FC694DEA-E715-41DA-83F7-8662CB2909A5}.Debug|iPhoneSimulator.Build.0 = Debug|Any CPU
		{FC694DEA-E715-41DA-83F7-8662CB2909A5}.Debug|iPhoneSimulator.Deploy.0 = Debug|Any CPU
		{FC694DEA-E715-41DA-83F7-8662CB2909A5}.Debug|x64.ActiveCfg = Debug|Any CPU
		{FC694DEA-E715-41DA-83F7-8662CB2909A5}.Debug|x64.Build.0 = Debug|Any CPU
		{FC694DEA-E715-41DA-83F7-8662CB2909A5}.Debug|x64.Deploy.0 = Debug|Any CPU
		{FC694DEA-E715-41DA-83F7-8662CB2909A5}.Debug|x86.ActiveCfg = Debug|Any CPU
		{FC694DEA-E715-41DA-83F7-8662CB2909A5}.Debug|x86.Build.0 = Debug|Any CPU
		{FC694DEA-E715-41DA-83F7-8662CB2909A5}.Debug|x86.Deploy.0 = Debug|Any CPU
		{FC694DEA-E715-41DA-83F7-8662CB2909A5}.Release|Any CPU.ActiveCfg = Release|Any CPU
		{FC694DEA-E715-41DA-83F7-8662CB2909A5}.Release|Any CPU.Build.0 = Release|Any CPU
		{FC694DEA-E715-41DA-83F7-8662CB2909A5}.Release|Any CPU.Deploy.0 = Release|Any CPU
		{FC694DEA-E715-41DA-83F7-8662CB2909A5}.Release|ARM.ActiveCfg = Release|Any CPU
		{FC694DEA-E715-41DA-83F7-8662CB2909A5}.Release|ARM.Build.0 = Release|Any CPU
		{FC694DEA-E715-41DA-83F7-8662CB2909A5}.Release|ARM.Deploy.0 = Release|Any CPU
		{FC694DEA-E715-41DA-83F7-8662CB2909A5}.Release|iPhone.ActiveCfg = Release|Any CPU
		{FC694DEA-E715-41DA-83F7-8662CB2909A5}.Release|iPhone.Build.0 = Release|Any CPU
		{FC694DEA-E715-41DA-83F7-8662CB2909A5}.Release|iPhone.Deploy.0 = Release|Any CPU
		{FC694DEA-E715-41DA-83F7-8662CB2909A5}.Release|iPhoneSimulator.ActiveCfg = Release|Any CPU
		{FC694DEA-E715-41DA-83F7-8662CB2909A5}.Release|iPhoneSimulator.Build.0 = Release|Any CPU
		{FC694DEA-E715-41DA-83F7-8662CB2909A5}.Release|iPhoneSimulator.Deploy.0 = Release|Any CPU
		{FC694DEA-E715-41DA-83F7-8662CB2909A5}.Release|x64.ActiveCfg = Release|Any CPU
		{FC694DEA-E715-41DA-83F7-8662CB2909A5}.Release|x64.Build.0 = Release|Any CPU
		{FC694DEA-E715-41DA-83F7-8662CB2909A5}.Release|x64.Deploy.0 = Release|Any CPU
		{FC694DEA-E715-41DA-83F7-8662CB2909A5}.Release|x86.ActiveCfg = Release|Any CPU
		{FC694DEA-E715-41DA-83F7-8662CB2909A5}.Release|x86.Build.0 = Release|Any CPU
		{FC694DEA-E715-41DA-83F7-8662CB2909A5}.Release|x86.Deploy.0 = Release|Any CPU
	EndGlobalSection
	GlobalSection(SolutionProperties) = preSolution
		HideSolutionNode = FALSE
	EndGlobalSection
	GlobalSection(ExtensibilityGlobals) = postSolution
		SolutionGuid = {2DFC5E97-9476-4361-8A70-E4A00B79C514}
	EndGlobalSection
EndGlobal
